
Microsoft Visual Studio Solution File, Format Version 12.00
# Visual Studio Version 17
VisualStudioVersion = 17.0.31903.59
MinimumVisualStudioVersion = 10.0.40219.1
Project("{FAE04EC0-301F-11D3-BF4B-00C04F79EFBC}") = "API", "API\API.csproj", "{8F455BFB-30BF-4EC6-A025-8D3FBB5A7AD2}"
EndProject
Project("{FAE04EC0-301F-11D3-BF4B-00C04F79EFBC}") = "Domain", "Domain\Domain.csproj", "{A1523B57-FE49-453F-A381-1C47F4587862}"
EndProject
Project("{FAE04EC0-301F-11D3-BF4B-00C04F79EFBC}") = "Persistence", "Persistence\Persistence.csproj", "{0967ADEB-2BA4-4EE4-A0EC-425B06516414}"
EndProject
Project("{FAE04EC0-301F-11D3-BF4B-00C04F79EFBC}") = "Application", "Application\Application.csproj", "{D8074FD7-E57F-45AF-A675-068451B01D6D}"
EndProject
Project("{FAE04EC0-301F-11D3-BF4B-00C04F79EFBC}") = "Infrastructure", "Infrastructure\Infrastructure.csproj", "{A23D110A-AEBF-44AE-B8A2-3DF1410E19D1}"
EndProject
Global
	GlobalSection(SolutionConfigurationPlatforms) = preSolution
		Debug|Any CPU = Debug|Any CPU
		Debug|x64 = Debug|x64
		Debug|x86 = Debug|x86
		Release|Any CPU = Release|Any CPU
		Release|x64 = Release|x64
		Release|x86 = Release|x86
	EndGlobalSection
	GlobalSection(ProjectConfigurationPlatforms) = postSolution
		{8F455BFB-30BF-4EC6-A025-8D3FBB5A7AD2}.Debug|Any CPU.ActiveCfg = Debug|Any CPU
		{8F455BFB-30BF-4EC6-A025-8D3FBB5A7AD2}.Debug|Any CPU.Build.0 = Debug|Any CPU
		{8F455BFB-30BF-4EC6-A025-8D3FBB5A7AD2}.Debug|x64.ActiveCfg = Debug|Any CPU
		{8F455BFB-30BF-4EC6-A025-8D3FBB5A7AD2}.Debug|x64.Build.0 = Debug|Any CPU
		{8F455BFB-30BF-4EC6-A025-8D3FBB5A7AD2}.Debug|x86.ActiveCfg = Debug|Any CPU
		{8F455BFB-30BF-4EC6-A025-8D3FBB5A7AD2}.Debug|x86.Build.0 = Debug|Any CPU
		{8F455BFB-30BF-4EC6-A025-8D3FBB5A7AD2}.Release|Any CPU.ActiveCfg = Release|Any CPU
		{8F455BFB-30BF-4EC6-A025-8D3FBB5A7AD2}.Release|Any CPU.Build.0 = Release|Any CPU
		{8F455BFB-30BF-4EC6-A025-8D3FBB5A7AD2}.Release|x64.ActiveCfg = Release|Any CPU
		{8F455BFB-30BF-4EC6-A025-8D3FBB5A7AD2}.Release|x64.Build.0 = Release|Any CPU
		{8F455BFB-30BF-4EC6-A025-8D3FBB5A7AD2}.Release|x86.ActiveCfg = Release|Any CPU
		{8F455BFB-30BF-4EC6-A025-8D3FBB5A7AD2}.Release|x86.Build.0 = Release|Any CPU
		{A1523B57-FE49-453F-A381-1C47F4587862}.Debug|Any CPU.ActiveCfg = Debug|Any CPU
		{A1523B57-FE49-453F-A381-1C47F4587862}.Debug|Any CPU.Build.0 = Debug|Any CPU
		{A1523B57-FE49-453F-A381-1C47F4587862}.Debug|x64.ActiveCfg = Debug|Any CPU
		{A1523B57-FE49-453F-A381-1C47F4587862}.Debug|x64.Build.0 = Debug|Any CPU
		{A1523B57-FE49-453F-A381-1C47F4587862}.Debug|x86.ActiveCfg = Debug|Any CPU
		{A1523B57-FE49-453F-A381-1C47F4587862}.Debug|x86.Build.0 = Debug|Any CPU
		{A1523B57-FE49-453F-A381-1C47F4587862}.Release|Any CPU.ActiveCfg = Release|Any CPU
		{A1523B57-FE49-453F-A381-1C47F4587862}.Release|Any CPU.Build.0 = Release|Any CPU
		{A1523B57-FE49-453F-A381-1C47F4587862}.Release|x64.ActiveCfg = Release|Any CPU
		{A1523B57-FE49-453F-A381-1C47F4587862}.Release|x64.Build.0 = Release|Any CPU
		{A1523B57-FE49-453F-A381-1C47F4587862}.Release|x86.ActiveCfg = Release|Any CPU
		{A1523B57-FE49-453F-A381-1C47F4587862}.Release|x86.Build.0 = Release|Any CPU
		{0967ADEB-2BA4-4EE4-A0EC-425B06516414}.Debug|Any CPU.ActiveCfg = Debug|Any CPU
		{0967ADEB-2BA4-4EE4-A0EC-425B06516414}.Debug|Any CPU.Build.0 = Debug|Any CPU
		{0967ADEB-2BA4-4EE4-A0EC-425B06516414}.Debug|x64.ActiveCfg = Debug|Any CPU
		{0967ADEB-2BA4-4EE4-A0EC-425B06516414}.Debug|x64.Build.0 = Debug|Any CPU
		{0967ADEB-2BA4-4EE4-A0EC-425B06516414}.Debug|x86.ActiveCfg = Debug|Any CPU
		{0967ADEB-2BA4-4EE4-A0EC-425B06516414}.Debug|x86.Build.0 = Debug|Any CPU
		{0967ADEB-2BA4-4EE4-A0EC-425B06516414}.Release|Any CPU.ActiveCfg = Release|Any CPU
		{0967ADEB-2BA4-4EE4-A0EC-425B06516414}.Release|Any CPU.Build.0 = Release|Any CPU
		{0967ADEB-2BA4-4EE4-A0EC-425B06516414}.Release|x64.ActiveCfg = Release|Any CPU
		{0967ADEB-2BA4-4EE4-A0EC-425B06516414}.Release|x64.Build.0 = Release|Any CPU
		{0967ADEB-2BA4-4EE4-A0EC-425B06516414}.Release|x86.ActiveCfg = Release|Any CPU
		{0967ADEB-2BA4-4EE4-A0EC-425B06516414}.Release|x86.Build.0 = Release|Any CPU
		{D8074FD7-E57F-45AF-A675-068451B01D6D}.Debug|Any CPU.ActiveCfg = Debug|Any CPU
		{D8074FD7-E57F-45AF-A675-068451B01D6D}.Debug|Any CPU.Build.0 = Debug|Any CPU
		{D8074FD7-E57F-45AF-A675-068451B01D6D}.Debug|x64.ActiveCfg = Debug|Any CPU
		{D8074FD7-E57F-45AF-A675-068451B01D6D}.Debug|x64.Build.0 = Debug|Any CPU
		{D8074FD7-E57F-45AF-A675-068451B01D6D}.Debug|x86.ActiveCfg = Debug|Any CPU
		{D8074FD7-E57F-45AF-A675-068451B01D6D}.Debug|x86.Build.0 = Debug|Any CPU
		{D8074FD7-E57F-45AF-A675-068451B01D6D}.Release|Any CPU.ActiveCfg = Release|Any CPU
		{D8074FD7-E57F-45AF-A675-068451B01D6D}.Release|Any CPU.Build.0 = Release|Any CPU
		{D8074FD7-E57F-45AF-A675-068451B01D6D}.Release|x64.ActiveCfg = Release|Any CPU
		{D8074FD7-E57F-45AF-A675-068451B01D6D}.Release|x64.Build.0 = Release|Any CPU
		{D8074FD7-E57F-45AF-A675-068451B01D6D}.Release|x86.ActiveCfg = Release|Any CPU
		{D8074FD7-E57F-45AF-A675-068451B01D6D}.Release|x86.Build.0 = Release|Any CPU
		{A23D110A-AEBF-44AE-B8A2-3DF1410E19D1}.Debug|Any CPU.ActiveCfg = Debug|Any CPU
		{A23D110A-AEBF-44AE-B8A2-3DF1410E19D1}.Debug|Any CPU.Build.0 = Debug|Any CPU
		{A23D110A-AEBF-44AE-B8A2-3DF1410E19D1}.Debug|x64.ActiveCfg = Debug|Any CPU
		{A23D110A-AEBF-44AE-B8A2-3DF1410E19D1}.Debug|x64.Build.0 = Debug|Any CPU
		{A23D110A-AEBF-44AE-B8A2-3DF1410E19D1}.Debug|x86.ActiveCfg = Debug|Any CPU
		{A23D110A-AEBF-44AE-B8A2-3DF1410E19D1}.Debug|x86.Build.0 = Debug|Any CPU
		{A23D110A-AEBF-44AE-B8A2-3DF1410E19D1}.Release|Any CPU.ActiveCfg = Release|Any CPU
		{A23D110A-AEBF-44AE-B8A2-3DF1410E19D1}.Release|Any CPU.Build.0 = Release|Any CPU
		{A23D110A-AEBF-44AE-B8A2-3DF1410E19D1}.Release|x64.ActiveCfg = Release|Any CPU
		{A23D110A-AEBF-44AE-B8A2-3DF1410E19D1}.Release|x64.Build.0 = Release|Any CPU
		{A23D110A-AEBF-44AE-B8A2-3DF1410E19D1}.Release|x86.ActiveCfg = Release|Any CPU
		{A23D110A-AEBF-44AE-B8A2-3DF1410E19D1}.Release|x86.Build.0 = Release|Any CPU
	EndGlobalSection
	GlobalSection(SolutionProperties) = preSolution
		HideSolutionNode = FALSE
	EndGlobalSection
EndGlobal
